hash: d44f651b635b113a3f77d5ac56c734dd0da98ce8ed0b7f32494e0567044bd79d
updated: 2018-05-20T16:56:25.998386341+09:00
imports:
- name: github.com/agext/levenshtein
  version: 5f10fee965225ac1eecdc234c09daf5cd9e7f7b6
- name: github.com/apparentlymart/go-textseg
  version: b836f5c4d331d1945a2fead7188db25432d73b69
  subpackages:
  - textseg
- name: github.com/aws/aws-sdk-go
  version: 5f796043d63bfddca929cfbcffce01e5a894aad5
  subpackages:
  - aws
  - aws/awserr
  - aws/awsutil
  - aws/client
  - aws/client/metadata
  - aws/corehandlers
  - aws/credentials
  - aws/credentials/ec2rolecreds
  - aws/credentials/endpointcreds
  - aws/credentials/stscreds
  - aws/defaults
  - aws/ec2metadata
  - aws/endpoints
  - aws/request
  - aws/session
  - aws/signer/v4
  - internal/sdkio
  - internal/sdkrand
  - internal/shareddefaults
  - private/protocol
  - private/protocol/ec2query
  - private/protocol/json/jsonutil
  - private/protocol/jsonrpc
  - private/protocol/query
  - private/protocol/query/queryutil
  - private/protocol/rest
  - private/protocol/xml/xmlutil
  - service/ec2
  - service/ec2/ec2iface
  - service/ecs
  - service/ecs/ecsiface
  - service/elasticache
  - service/elasticache/elasticacheiface
  - service/elb
  - service/elb/elbiface
  - service/elbv2
  - service/elbv2/elbv2iface
  - service/iam
  - service/iam/iamiface
  - service/rds
  - service/rds/rdsiface
  - service/sts
- name: github.com/cristim/ec2-instances-info
  version: d2ae4817170d37217fffd340b5417b3005cae3d6
  subpackages:
  - data
- name: github.com/fatih/color
  version: 5b77d2a35fb0ede96d138fc9a99f5c9b6aef11b4
- name: github.com/go-ini/ini
  version: bda519ae5f4cbc60d391ff8610711627a08b86ae
- name: github.com/golang/mock
  version: 22bbf0ddf08105dfa364d0a2fa619dfa71014af5
  subpackages:
  - gomock
- name: github.com/hashicorp/go-version
  version: 23480c0665776210b5fbbac6eaaee40e3e6a96b7
- name: github.com/hashicorp/hcl
  version: ef8a98b0bbce4a65b5aa4c368430a80ddc533168
  subpackages:
  - hcl/ast
  - hcl/parser
  - hcl/scanner
  - hcl/strconv
  - hcl/token
  - json/parser
  - json/scanner
  - json/token
- name: github.com/hashicorp/hcl2
  version: 9db880accff19d9bd953958df738ef0c02b4a311
  subpackages:
  - ext/typeexpr
  - gohcl
  - hcl
  - hcl/hclsyntax
  - hcl/json
  - hclparse
- name: github.com/hashicorp/hil
  version: fa9f258a92500514cc8e9c67020487709df92432
  subpackages:
  - ast
  - parser
  - scanner
- name: github.com/hashicorp/terraform
  version: 0cc9e050ecd4a46ba6448758c2edc0b29bef5695
  subpackages:
  - configs
  - helper/variables
- name: github.com/jessevdk/go-flags
  version: c6ca198ec95c841fdb89fc0de7496fed11ab854e
- name: github.com/jmespath/go-jmespath
  version: c2b33e8439af944379acbdd9c3a5fe0bc44bd8a5
- name: github.com/k0kubun/pp
  version: 027a6d1765d673d337e687394dbe780dd64e2a1e
- name: github.com/mattn/go-colorable
  version: efa589957cd060542a26d2dd7832fd6a6c6c3ade
- name: github.com/mattn/go-isatty
  version: 6ca4dbf54d38eea1a992b3c722a76a5d1c4cb25c
- name: github.com/mitchellh/go-homedir
  version: b8bc1bf767474819792c23f32d8286a45736f1c6
- name: github.com/mitchellh/go-wordwrap
  version: ad45545899c7b13c020ea92b2072220eefad42b8
- name: github.com/mitchellh/mapstructure
  version: bb74f1db0675b241733089d5a1faa5dd8b0ef57b
- name: github.com/mitchellh/reflectwalk
  version: 63d60e9d0dbc60cf9164e6510889b0db6683d98c
- name: github.com/pkg/errors
  version: 816c9085562cd7ee03e7f8188a1cfd942858cded
- name: github.com/spf13/afero
  version: 63644898a8da0bc22138abf860edaf5277b6102e
  subpackages:
  - mem
- name: github.com/zclconf/go-cty
  version: d006e4534bc4fbc512383aa98d04d641ea951ba5
  subpackages:
  - cty
  - cty/convert
  - cty/function
  - cty/function/stdlib
  - cty/gocty
  - cty/json
  - cty/set
- name: golang.org/x/net
  version: 57065200b4b034a1c8ad54ff77069408c2218ae6
  subpackages:
  - context
- name: golang.org/x/sys
  version: 7c87d13f8e835d2fb3a70a2912c811ed0c1d241b
  subpackages:
  - unix
- name: golang.org/x/text
  version: 5c1cf69b5978e5a34c5f9ba09a83e56acc4b7877
  subpackages:
  - transform
  - unicode/norm
testImports: []
