{
    "version": 3,
    "terraform_version": "0.9.11",
    "serial": 1,
    "lineage": "875c43e9-eb28-4406-8989-ced317ad5a82",
    "modules": [
        {
            "path": [
                "root"
            ],
            "outputs": {},
            "resources": {
                "aws_db_parameter_group.service": {
                    "type": "aws_db_parameter_group",
                    "depends_on": [],
                    "primary": {
                        "id": "service",
                        "attributes": {
                            "arn": "arn:aws:rds:us-east-1:hogehoge:pg:service",
                            "description": "dev-db-parameter-group",
                            "family": "mysql5.6",
                            "id": "dev",
                            "name": "dev",
                            "parameter.#": "0",
                            "tags.%": "0"
                        },
                        "meta": {},
                        "tainted": false
                    },
                    "deposed": [],
                    "provider": ""
                }
            },
            "depends_on": []
        }
    ]
}
